
Microsoft Visual Studio Solution File, Format Version 12.00
# Visual Studio 15
VisualStudioVersion = 15.0.26403.0
MinimumVisualStudioVersion = 10.0.40219.1
Project("***REMOVED***FAE04EC0-301F-11D3-BF4B-00C04F79EFBC***REMOVED***") = "CursoXamarin", "Modulo2_Cities\Modulo2_Cities\CursoXamarin.csproj", "***REMOVED***70D854BF-DFB9-41D6-AAD5-E977BFB64F6E***REMOVED***"
EndProject
Project("***REMOVED***FAE04EC0-301F-11D3-BF4B-00C04F79EFBC***REMOVED***") = "CursoXamarin.Droid", "Modulo2_Cities\Modulo2_Cities.Droid\CursoXamarin.Droid.csproj", "***REMOVED***A7D0F75E-9CF1-4CC2-81E4-7588DCF1968C***REMOVED***"
EndProject
Project("***REMOVED***FAE04EC0-301F-11D3-BF4B-00C04F79EFBC***REMOVED***") = "CursoXamarin.iOS", "Modulo2_Cities\Modulo2_Cities.iOS\CursoXamarin.iOS.csproj", "***REMOVED***0FCD52E6-219B-4685-9941-AF3E01F7FF82***REMOVED***"
EndProject
Project("***REMOVED***FAE04EC0-301F-11D3-BF4B-00C04F79EFBC***REMOVED***") = "CursoXamarin.UWP", "Modulo2_Cities\Modulo2_Cities.UWP\CursoXamarin.UWP.csproj", "***REMOVED***422CCD8C-8A3A-47E3-B272-B0E84C2D9067***REMOVED***"
EndProject
Project("***REMOVED***FAE04EC0-301F-11D3-BF4B-00C04F79EFBC***REMOVED***") = "Modulo3_Backend", "Modulo3_Backend\Modulo3_Backend.csproj", "***REMOVED***DB1BBA43-2E63-4CDE-9C07-62BDCDB33975***REMOVED***"
EndProject
Global
	GlobalSection(SolutionConfigurationPlatforms) = preSolution
		Ad-Hoc|Any CPU = Ad-Hoc|Any CPU
		Ad-Hoc|ARM = Ad-Hoc|ARM
		Ad-Hoc|iPhone = Ad-Hoc|iPhone
		Ad-Hoc|iPhoneSimulator = Ad-Hoc|iPhoneSimulator
		Ad-Hoc|x64 = Ad-Hoc|x64
		Ad-Hoc|x86 = Ad-Hoc|x86
		AppStore|Any CPU = AppStore|Any CPU
		AppStore|ARM = AppStore|ARM
		AppStore|iPhone = AppStore|iPhone
		AppStore|iPhoneSimulator = AppStore|iPhoneSimulator
		AppStore|x64 = AppStore|x64
		AppStore|x86 = AppStore|x86
		Debug|Any CPU = Debug|Any CPU
		Debug|ARM = Debug|ARM
		Debug|iPhone = Debug|iPhone
		Debug|iPhoneSimulator = Debug|iPhoneSimulator
		Debug|x64 = Debug|x64
		Debug|x86 = Debug|x86
		Release|Any CPU = Release|Any CPU
		Release|ARM = Release|ARM
		Release|iPhone = Release|iPhone
		Release|iPhoneSimulator = Release|iPhoneSimulator
		Release|x64 = Release|x64
		Release|x86 = Release|x86
	EndGlobalSection
	GlobalSection(ProjectConfigurationPlatforms) = postSolution
		***REMOVED***70D854BF-DFB9-41D6-AAD5-E977BFB64F6E***REMOVED***.Ad-Hoc|Any CPU.ActiveCfg = Release|Any CPU
		***REMOVED***70D854BF-DFB9-41D6-AAD5-E977BFB64F6E***REMOVED***.Ad-Hoc|Any CPU.Build.0 = Release|Any CPU
		***REMOVED***70D854BF-DFB9-41D6-AAD5-E977BFB64F6E***REMOVED***.Ad-Hoc|ARM.ActiveCfg = Release|Any CPU
		***REMOVED***70D854BF-DFB9-41D6-AAD5-E977BFB64F6E***REMOVED***.Ad-Hoc|ARM.Build.0 = Release|Any CPU
		***REMOVED***70D854BF-DFB9-41D6-AAD5-E977BFB64F6E***REMOVED***.Ad-Hoc|iPhone.ActiveCfg = Release|Any CPU
		***REMOVED***70D854BF-DFB9-41D6-AAD5-E977BFB64F6E***REMOVED***.Ad-Hoc|iPhone.Build.0 = Release|Any CPU
		***REMOVED***70D854BF-DFB9-41D6-AAD5-E977BFB64F6E***REMOVED***.Ad-Hoc|iPhoneSimulator.ActiveCfg = Release|Any CPU
		***REMOVED***70D854BF-DFB9-41D6-AAD5-E977BFB64F6E***REMOVED***.Ad-Hoc|iPhoneSimulator.Build.0 = Release|Any CPU
		***REMOVED***70D854BF-DFB9-41D6-AAD5-E977BFB64F6E***REMOVED***.Ad-Hoc|x64.ActiveCfg = Release|Any CPU
		***REMOVED***70D854BF-DFB9-41D6-AAD5-E977BFB64F6E***REMOVED***.Ad-Hoc|x64.Build.0 = Release|Any CPU
		***REMOVED***70D854BF-DFB9-41D6-AAD5-E977BFB64F6E***REMOVED***.Ad-Hoc|x86.ActiveCfg = Release|Any CPU
		***REMOVED***70D854BF-DFB9-41D6-AAD5-E977BFB64F6E***REMOVED***.Ad-Hoc|x86.Build.0 = Release|Any CPU
		***REMOVED***70D854BF-DFB9-41D6-AAD5-E977BFB64F6E***REMOVED***.AppStore|Any CPU.ActiveCfg = Release|Any CPU
		***REMOVED***70D854BF-DFB9-41D6-AAD5-E977BFB64F6E***REMOVED***.AppStore|Any CPU.Build.0 = Release|Any CPU
		***REMOVED***70D854BF-DFB9-41D6-AAD5-E977BFB64F6E***REMOVED***.AppStore|ARM.ActiveCfg = Release|Any CPU
		***REMOVED***70D854BF-DFB9-41D6-AAD5-E977BFB64F6E***REMOVED***.AppStore|ARM.Build.0 = Release|Any CPU
		***REMOVED***70D854BF-DFB9-41D6-AAD5-E977BFB64F6E***REMOVED***.AppStore|iPhone.ActiveCfg = Release|Any CPU
		***REMOVED***70D854BF-DFB9-41D6-AAD5-E977BFB64F6E***REMOVED***.AppStore|iPhone.Build.0 = Release|Any CPU
		***REMOVED***70D854BF-DFB9-41D6-AAD5-E977BFB64F6E***REMOVED***.AppStore|iPhoneSimulator.ActiveCfg = Release|Any CPU
		***REMOVED***70D854BF-DFB9-41D6-AAD5-E977BFB64F6E***REMOVED***.AppStore|iPhoneSimulator.Build.0 = Release|Any CPU
		***REMOVED***70D854BF-DFB9-41D6-AAD5-E977BFB64F6E***REMOVED***.AppStore|x64.ActiveCfg = Release|Any CPU
		***REMOVED***70D854BF-DFB9-41D6-AAD5-E977BFB64F6E***REMOVED***.AppStore|x64.Build.0 = Release|Any CPU
		***REMOVED***70D854BF-DFB9-41D6-AAD5-E977BFB64F6E***REMOVED***.AppStore|x86.ActiveCfg = Release|Any CPU
		***REMOVED***70D854BF-DFB9-41D6-AAD5-E977BFB64F6E***REMOVED***.AppStore|x86.Build.0 = Release|Any CPU
		***REMOVED***70D854BF-DFB9-41D6-AAD5-E977BFB64F6E***REMOVED***.Debug|Any CPU.ActiveCfg = Debug|Any CPU
		***REMOVED***70D854BF-DFB9-41D6-AAD5-E977BFB64F6E***REMOVED***.Debug|Any CPU.Build.0 = Debug|Any CPU
		***REMOVED***70D854BF-DFB9-41D6-AAD5-E977BFB64F6E***REMOVED***.Debug|ARM.ActiveCfg = Debug|Any CPU
		***REMOVED***70D854BF-DFB9-41D6-AAD5-E977BFB64F6E***REMOVED***.Debug|ARM.Build.0 = Debug|Any CPU
		***REMOVED***70D854BF-DFB9-41D6-AAD5-E977BFB64F6E***REMOVED***.Debug|iPhone.ActiveCfg = Debug|Any CPU
		***REMOVED***70D854BF-DFB9-41D6-AAD5-E977BFB64F6E***REMOVED***.Debug|iPhone.Build.0 = Debug|Any CPU
		***REMOVED***70D854BF-DFB9-41D6-AAD5-E977BFB64F6E***REMOVED***.Debug|iPhoneSimulator.ActiveCfg = Debug|Any CPU
		***REMOVED***70D854BF-DFB9-41D6-AAD5-E977BFB64F6E***REMOVED***.Debug|iPhoneSimulator.Build.0 = Debug|Any CPU
		***REMOVED***70D854BF-DFB9-41D6-AAD5-E977BFB64F6E***REMOVED***.Debug|x64.ActiveCfg = Debug|Any CPU
		***REMOVED***70D854BF-DFB9-41D6-AAD5-E977BFB64F6E***REMOVED***.Debug|x64.Build.0 = Debug|Any CPU
		***REMOVED***70D854BF-DFB9-41D6-AAD5-E977BFB64F6E***REMOVED***.Debug|x86.ActiveCfg = Debug|Any CPU
		***REMOVED***70D854BF-DFB9-41D6-AAD5-E977BFB64F6E***REMOVED***.Debug|x86.Build.0 = Debug|Any CPU
		***REMOVED***70D854BF-DFB9-41D6-AAD5-E977BFB64F6E***REMOVED***.Release|Any CPU.ActiveCfg = Release|Any CPU
		***REMOVED***70D854BF-DFB9-41D6-AAD5-E977BFB64F6E***REMOVED***.Release|Any CPU.Build.0 = Release|Any CPU
		***REMOVED***70D854BF-DFB9-41D6-AAD5-E977BFB64F6E***REMOVED***.Release|ARM.ActiveCfg = Release|Any CPU
		***REMOVED***70D854BF-DFB9-41D6-AAD5-E977BFB64F6E***REMOVED***.Release|ARM.Build.0 = Release|Any CPU
		***REMOVED***70D854BF-DFB9-41D6-AAD5-E977BFB64F6E***REMOVED***.Release|iPhone.ActiveCfg = Release|Any CPU
		***REMOVED***70D854BF-DFB9-41D6-AAD5-E977BFB64F6E***REMOVED***.Release|iPhone.Build.0 = Release|Any CPU
		***REMOVED***70D854BF-DFB9-41D6-AAD5-E977BFB64F6E***REMOVED***.Release|iPhoneSimulator.ActiveCfg = Release|Any CPU
		***REMOVED***70D854BF-DFB9-41D6-AAD5-E977BFB64F6E***REMOVED***.Release|iPhoneSimulator.Build.0 = Release|Any CPU
		***REMOVED***70D854BF-DFB9-41D6-AAD5-E977BFB64F6E***REMOVED***.Release|x64.ActiveCfg = Release|Any CPU
		***REMOVED***70D854BF-DFB9-41D6-AAD5-E977BFB64F6E***REMOVED***.Release|x64.Build.0 = Release|Any CPU
		***REMOVED***70D854BF-DFB9-41D6-AAD5-E977BFB64F6E***REMOVED***.Release|x86.ActiveCfg = Release|Any CPU
		***REMOVED***70D854BF-DFB9-41D6-AAD5-E977BFB64F6E***REMOVED***.Release|x86.Build.0 = Release|Any CPU
		***REMOVED***A7D0F75E-9CF1-4CC2-81E4-7588DCF1968C***REMOVED***.Ad-Hoc|Any CPU.ActiveCfg = Release|Any CPU
		***REMOVED***A7D0F75E-9CF1-4CC2-81E4-7588DCF1968C***REMOVED***.Ad-Hoc|Any CPU.Build.0 = Release|Any CPU
		***REMOVED***A7D0F75E-9CF1-4CC2-81E4-7588DCF1968C***REMOVED***.Ad-Hoc|Any CPU.Deploy.0 = Release|Any CPU
		***REMOVED***A7D0F75E-9CF1-4CC2-81E4-7588DCF1968C***REMOVED***.Ad-Hoc|ARM.ActiveCfg = Release|Any CPU
		***REMOVED***A7D0F75E-9CF1-4CC2-81E4-7588DCF1968C***REMOVED***.Ad-Hoc|ARM.Build.0 = Release|Any CPU
		***REMOVED***A7D0F75E-9CF1-4CC2-81E4-7588DCF1968C***REMOVED***.Ad-Hoc|ARM.Deploy.0 = Release|Any CPU
		***REMOVED***A7D0F75E-9CF1-4CC2-81E4-7588DCF1968C***REMOVED***.Ad-Hoc|iPhone.ActiveCfg = Release|Any CPU
		***REMOVED***A7D0F75E-9CF1-4CC2-81E4-7588DCF1968C***REMOVED***.Ad-Hoc|iPhone.Build.0 = Release|Any CPU
		***REMOVED***A7D0F75E-9CF1-4CC2-81E4-7588DCF1968C***REMOVED***.Ad-Hoc|iPhone.Deploy.0 = Release|Any CPU
		***REMOVED***A7D0F75E-9CF1-4CC2-81E4-7588DCF1968C***REMOVED***.Ad-Hoc|iPhoneSimulator.ActiveCfg = Release|Any CPU
		***REMOVED***A7D0F75E-9CF1-4CC2-81E4-7588DCF1968C***REMOVED***.Ad-Hoc|iPhoneSimulator.Build.0 = Release|Any CPU
		***REMOVED***A7D0F75E-9CF1-4CC2-81E4-7588DCF1968C***REMOVED***.Ad-Hoc|iPhoneSimulator.Deploy.0 = Release|Any CPU
		***REMOVED***A7D0F75E-9CF1-4CC2-81E4-7588DCF1968C***REMOVED***.Ad-Hoc|x64.ActiveCfg = Release|Any CPU
		***REMOVED***A7D0F75E-9CF1-4CC2-81E4-7588DCF1968C***REMOVED***.Ad-Hoc|x64.Build.0 = Release|Any CPU
		***REMOVED***A7D0F75E-9CF1-4CC2-81E4-7588DCF1968C***REMOVED***.Ad-Hoc|x64.Deploy.0 = Release|Any CPU
		***REMOVED***A7D0F75E-9CF1-4CC2-81E4-7588DCF1968C***REMOVED***.Ad-Hoc|x86.ActiveCfg = Release|Any CPU
		***REMOVED***A7D0F75E-9CF1-4CC2-81E4-7588DCF1968C***REMOVED***.Ad-Hoc|x86.Build.0 = Release|Any CPU
		***REMOVED***A7D0F75E-9CF1-4CC2-81E4-7588DCF1968C***REMOVED***.Ad-Hoc|x86.Deploy.0 = Release|Any CPU
		***REMOVED***A7D0F75E-9CF1-4CC2-81E4-7588DCF1968C***REMOVED***.AppStore|Any CPU.ActiveCfg = Release|Any CPU
		***REMOVED***A7D0F75E-9CF1-4CC2-81E4-7588DCF1968C***REMOVED***.AppStore|Any CPU.Build.0 = Release|Any CPU
		***REMOVED***A7D0F75E-9CF1-4CC2-81E4-7588DCF1968C***REMOVED***.AppStore|Any CPU.Deploy.0 = Release|Any CPU
		***REMOVED***A7D0F75E-9CF1-4CC2-81E4-7588DCF1968C***REMOVED***.AppStore|ARM.ActiveCfg = Release|Any CPU
		***REMOVED***A7D0F75E-9CF1-4CC2-81E4-7588DCF1968C***REMOVED***.AppStore|ARM.Build.0 = Release|Any CPU
		***REMOVED***A7D0F75E-9CF1-4CC2-81E4-7588DCF1968C***REMOVED***.AppStore|ARM.Deploy.0 = Release|Any CPU
		***REMOVED***A7D0F75E-9CF1-4CC2-81E4-7588DCF1968C***REMOVED***.AppStore|iPhone.ActiveCfg = Release|Any CPU
		***REMOVED***A7D0F75E-9CF1-4CC2-81E4-7588DCF1968C***REMOVED***.AppStore|iPhone.Build.0 = Release|Any CPU
		***REMOVED***A7D0F75E-9CF1-4CC2-81E4-7588DCF1968C***REMOVED***.AppStore|iPhone.Deploy.0 = Release|Any CPU
		***REMOVED***A7D0F75E-9CF1-4CC2-81E4-7588DCF1968C***REMOVED***.AppStore|iPhoneSimulator.ActiveCfg = Release|Any CPU
		***REMOVED***A7D0F75E-9CF1-4CC2-81E4-7588DCF1968C***REMOVED***.AppStore|iPhoneSimulator.Build.0 = Release|Any CPU
		***REMOVED***A7D0F75E-9CF1-4CC2-81E4-7588DCF1968C***REMOVED***.AppStore|iPhoneSimulator.Deploy.0 = Release|Any CPU
		***REMOVED***A7D0F75E-9CF1-4CC2-81E4-7588DCF1968C***REMOVED***.AppStore|x64.ActiveCfg = Release|Any CPU
		***REMOVED***A7D0F75E-9CF1-4CC2-81E4-7588DCF1968C***REMOVED***.AppStore|x64.Build.0 = Release|Any CPU
		***REMOVED***A7D0F75E-9CF1-4CC2-81E4-7588DCF1968C***REMOVED***.AppStore|x64.Deploy.0 = Release|Any CPU
		***REMOVED***A7D0F75E-9CF1-4CC2-81E4-7588DCF1968C***REMOVED***.AppStore|x86.ActiveCfg = Release|Any CPU
		***REMOVED***A7D0F75E-9CF1-4CC2-81E4-7588DCF1968C***REMOVED***.AppStore|x86.Build.0 = Release|Any CPU
		***REMOVED***A7D0F75E-9CF1-4CC2-81E4-7588DCF1968C***REMOVED***.AppStore|x86.Deploy.0 = Release|Any CPU
		***REMOVED***A7D0F75E-9CF1-4CC2-81E4-7588DCF1968C***REMOVED***.Debug|Any CPU.ActiveCfg = Debug|Any CPU
		***REMOVED***A7D0F75E-9CF1-4CC2-81E4-7588DCF1968C***REMOVED***.Debug|Any CPU.Build.0 = Debug|Any CPU
		***REMOVED***A7D0F75E-9CF1-4CC2-81E4-7588DCF1968C***REMOVED***.Debug|Any CPU.Deploy.0 = Debug|Any CPU
		***REMOVED***A7D0F75E-9CF1-4CC2-81E4-7588DCF1968C***REMOVED***.Debug|ARM.ActiveCfg = Debug|Any CPU
		***REMOVED***A7D0F75E-9CF1-4CC2-81E4-7588DCF1968C***REMOVED***.Debug|ARM.Build.0 = Debug|Any CPU
		***REMOVED***A7D0F75E-9CF1-4CC2-81E4-7588DCF1968C***REMOVED***.Debug|ARM.Deploy.0 = Debug|Any CPU
		***REMOVED***A7D0F75E-9CF1-4CC2-81E4-7588DCF1968C***REMOVED***.Debug|iPhone.ActiveCfg = Debug|Any CPU
		***REMOVED***A7D0F75E-9CF1-4CC2-81E4-7588DCF1968C***REMOVED***.Debug|iPhone.Build.0 = Debug|Any CPU
		***REMOVED***A7D0F75E-9CF1-4CC2-81E4-7588DCF1968C***REMOVED***.Debug|iPhone.Deploy.0 = Debug|Any CPU
		***REMOVED***A7D0F75E-9CF1-4CC2-81E4-7588DCF1968C***REMOVED***.Debug|iPhoneSimulator.ActiveCfg = Debug|Any CPU
		***REMOVED***A7D0F75E-9CF1-4CC2-81E4-7588DCF1968C***REMOVED***.Debug|iPhoneSimulator.Build.0 = Debug|Any CPU
		***REMOVED***A7D0F75E-9CF1-4CC2-81E4-7588DCF1968C***REMOVED***.Debug|iPhoneSimulator.Deploy.0 = Debug|Any CPU
		***REMOVED***A7D0F75E-9CF1-4CC2-81E4-7588DCF1968C***REMOVED***.Debug|x64.ActiveCfg = Debug|Any CPU
		***REMOVED***A7D0F75E-9CF1-4CC2-81E4-7588DCF1968C***REMOVED***.Debug|x64.Build.0 = Debug|Any CPU
		***REMOVED***A7D0F75E-9CF1-4CC2-81E4-7588DCF1968C***REMOVED***.Debug|x64.Deploy.0 = Debug|Any CPU
		***REMOVED***A7D0F75E-9CF1-4CC2-81E4-7588DCF1968C***REMOVED***.Debug|x86.ActiveCfg = Debug|Any CPU
		***REMOVED***A7D0F75E-9CF1-4CC2-81E4-7588DCF1968C***REMOVED***.Debug|x86.Build.0 = Debug|Any CPU
		***REMOVED***A7D0F75E-9CF1-4CC2-81E4-7588DCF1968C***REMOVED***.Debug|x86.Deploy.0 = Debug|Any CPU
		***REMOVED***A7D0F75E-9CF1-4CC2-81E4-7588DCF1968C***REMOVED***.Release|Any CPU.ActiveCfg = Release|Any CPU
		***REMOVED***A7D0F75E-9CF1-4CC2-81E4-7588DCF1968C***REMOVED***.Release|Any CPU.Build.0 = Release|Any CPU
		***REMOVED***A7D0F75E-9CF1-4CC2-81E4-7588DCF1968C***REMOVED***.Release|Any CPU.Deploy.0 = Release|Any CPU
		***REMOVED***A7D0F75E-9CF1-4CC2-81E4-7588DCF1968C***REMOVED***.Release|ARM.ActiveCfg = Release|Any CPU
		***REMOVED***A7D0F75E-9CF1-4CC2-81E4-7588DCF1968C***REMOVED***.Release|ARM.Build.0 = Release|Any CPU
		***REMOVED***A7D0F75E-9CF1-4CC2-81E4-7588DCF1968C***REMOVED***.Release|ARM.Deploy.0 = Release|Any CPU
		***REMOVED***A7D0F75E-9CF1-4CC2-81E4-7588DCF1968C***REMOVED***.Release|iPhone.ActiveCfg = Release|Any CPU
		***REMOVED***A7D0F75E-9CF1-4CC2-81E4-7588DCF1968C***REMOVED***.Release|iPhone.Build.0 = Release|Any CPU
		***REMOVED***A7D0F75E-9CF1-4CC2-81E4-7588DCF1968C***REMOVED***.Release|iPhone.Deploy.0 = Release|Any CPU
		***REMOVED***A7D0F75E-9CF1-4CC2-81E4-7588DCF1968C***REMOVED***.Release|iPhoneSimulator.ActiveCfg = Release|Any CPU
		***REMOVED***A7D0F75E-9CF1-4CC2-81E4-7588DCF1968C***REMOVED***.Release|iPhoneSimulator.Build.0 = Release|Any CPU
		***REMOVED***A7D0F75E-9CF1-4CC2-81E4-7588DCF1968C***REMOVED***.Release|iPhoneSimulator.Deploy.0 = Release|Any CPU
		***REMOVED***A7D0F75E-9CF1-4CC2-81E4-7588DCF1968C***REMOVED***.Release|x64.ActiveCfg = Release|Any CPU
		***REMOVED***A7D0F75E-9CF1-4CC2-81E4-7588DCF1968C***REMOVED***.Release|x64.Build.0 = Release|Any CPU
		***REMOVED***A7D0F75E-9CF1-4CC2-81E4-7588DCF1968C***REMOVED***.Release|x64.Deploy.0 = Release|Any CPU
		***REMOVED***A7D0F75E-9CF1-4CC2-81E4-7588DCF1968C***REMOVED***.Release|x86.ActiveCfg = Release|Any CPU
		***REMOVED***A7D0F75E-9CF1-4CC2-81E4-7588DCF1968C***REMOVED***.Release|x86.Build.0 = Release|Any CPU
		***REMOVED***A7D0F75E-9CF1-4CC2-81E4-7588DCF1968C***REMOVED***.Release|x86.Deploy.0 = Release|Any CPU
		***REMOVED***0FCD52E6-219B-4685-9941-AF3E01F7FF82***REMOVED***.Ad-Hoc|Any CPU.ActiveCfg = Ad-Hoc|iPhone
		***REMOVED***0FCD52E6-219B-4685-9941-AF3E01F7FF82***REMOVED***.Ad-Hoc|ARM.ActiveCfg = Ad-Hoc|iPhone
		***REMOVED***0FCD52E6-219B-4685-9941-AF3E01F7FF82***REMOVED***.Ad-Hoc|iPhone.ActiveCfg = Ad-Hoc|iPhone
		***REMOVED***0FCD52E6-219B-4685-9941-AF3E01F7FF82***REMOVED***.Ad-Hoc|iPhone.Build.0 = Ad-Hoc|iPhone
		***REMOVED***0FCD52E6-219B-4685-9941-AF3E01F7FF82***REMOVED***.Ad-Hoc|iPhoneSimulator.ActiveCfg = Ad-Hoc|iPhoneSimulator
		***REMOVED***0FCD52E6-219B-4685-9941-AF3E01F7FF82***REMOVED***.Ad-Hoc|iPhoneSimulator.Build.0 = Ad-Hoc|iPhoneSimulator
		***REMOVED***0FCD52E6-219B-4685-9941-AF3E01F7FF82***REMOVED***.Ad-Hoc|x64.ActiveCfg = Ad-Hoc|iPhone
		***REMOVED***0FCD52E6-219B-4685-9941-AF3E01F7FF82***REMOVED***.Ad-Hoc|x86.ActiveCfg = Ad-Hoc|iPhone
		***REMOVED***0FCD52E6-219B-4685-9941-AF3E01F7FF82***REMOVED***.AppStore|Any CPU.ActiveCfg = AppStore|iPhone
		***REMOVED***0FCD52E6-219B-4685-9941-AF3E01F7FF82***REMOVED***.AppStore|ARM.ActiveCfg = AppStore|iPhone
		***REMOVED***0FCD52E6-219B-4685-9941-AF3E01F7FF82***REMOVED***.AppStore|iPhone.ActiveCfg = AppStore|iPhone
		***REMOVED***0FCD52E6-219B-4685-9941-AF3E01F7FF82***REMOVED***.AppStore|iPhone.Build.0 = AppStore|iPhone
		***REMOVED***0FCD52E6-219B-4685-9941-AF3E01F7FF82***REMOVED***.AppStore|iPhoneSimulator.ActiveCfg = AppStore|iPhoneSimulator
		***REMOVED***0FCD52E6-219B-4685-9941-AF3E01F7FF82***REMOVED***.AppStore|iPhoneSimulator.Build.0 = AppStore|iPhoneSimulator
		***REMOVED***0FCD52E6-219B-4685-9941-AF3E01F7FF82***REMOVED***.AppStore|x64.ActiveCfg = AppStore|iPhone
		***REMOVED***0FCD52E6-219B-4685-9941-AF3E01F7FF82***REMOVED***.AppStore|x86.ActiveCfg = AppStore|iPhone
		***REMOVED***0FCD52E6-219B-4685-9941-AF3E01F7FF82***REMOVED***.Debug|Any CPU.ActiveCfg = Debug|iPhone
		***REMOVED***0FCD52E6-219B-4685-9941-AF3E01F7FF82***REMOVED***.Debug|Any CPU.Build.0 = Debug|iPhone
		***REMOVED***0FCD52E6-219B-4685-9941-AF3E01F7FF82***REMOVED***.Debug|ARM.ActiveCfg = Debug|iPhone
		***REMOVED***0FCD52E6-219B-4685-9941-AF3E01F7FF82***REMOVED***.Debug|iPhone.ActiveCfg = Debug|iPhone
		***REMOVED***0FCD52E6-219B-4685-9941-AF3E01F7FF82***REMOVED***.Debug|iPhone.Build.0 = Debug|iPhone
		***REMOVED***0FCD52E6-219B-4685-9941-AF3E01F7FF82***REMOVED***.Debug|iPhoneSimulator.ActiveCfg = Debug|iPhoneSimulator
		***REMOVED***0FCD52E6-219B-4685-9941-AF3E01F7FF82***REMOVED***.Debug|iPhoneSimulator.Build.0 = Debug|iPhoneSimulator
		***REMOVED***0FCD52E6-219B-4685-9941-AF3E01F7FF82***REMOVED***.Debug|x64.ActiveCfg = Debug|iPhone
		***REMOVED***0FCD52E6-219B-4685-9941-AF3E01F7FF82***REMOVED***.Debug|x86.ActiveCfg = Debug|iPhone
		***REMOVED***0FCD52E6-219B-4685-9941-AF3E01F7FF82***REMOVED***.Release|Any CPU.ActiveCfg = Release|iPhone
		***REMOVED***0FCD52E6-219B-4685-9941-AF3E01F7FF82***REMOVED***.Release|ARM.ActiveCfg = Release|iPhone
		***REMOVED***0FCD52E6-219B-4685-9941-AF3E01F7FF82***REMOVED***.Release|iPhone.ActiveCfg = Release|iPhone
		***REMOVED***0FCD52E6-219B-4685-9941-AF3E01F7FF82***REMOVED***.Release|iPhone.Build.0 = Release|iPhone
		***REMOVED***0FCD52E6-219B-4685-9941-AF3E01F7FF82***REMOVED***.Release|iPhoneSimulator.ActiveCfg = Release|iPhoneSimulator
		***REMOVED***0FCD52E6-219B-4685-9941-AF3E01F7FF82***REMOVED***.Release|iPhoneSimulator.Build.0 = Release|iPhoneSimulator
		***REMOVED***0FCD52E6-219B-4685-9941-AF3E01F7FF82***REMOVED***.Release|x64.ActiveCfg = Release|iPhone
		***REMOVED***0FCD52E6-219B-4685-9941-AF3E01F7FF82***REMOVED***.Release|x86.ActiveCfg = Release|iPhone
		***REMOVED***422CCD8C-8A3A-47E3-B272-B0E84C2D9067***REMOVED***.Ad-Hoc|Any CPU.ActiveCfg = Release|x86
		***REMOVED***422CCD8C-8A3A-47E3-B272-B0E84C2D9067***REMOVED***.Ad-Hoc|Any CPU.Build.0 = Release|x86
		***REMOVED***422CCD8C-8A3A-47E3-B272-B0E84C2D9067***REMOVED***.Ad-Hoc|Any CPU.Deploy.0 = Release|x86
		***REMOVED***422CCD8C-8A3A-47E3-B272-B0E84C2D9067***REMOVED***.Ad-Hoc|ARM.ActiveCfg = Release|ARM
		***REMOVED***422CCD8C-8A3A-47E3-B272-B0E84C2D9067***REMOVED***.Ad-Hoc|ARM.Build.0 = Release|ARM
		***REMOVED***422CCD8C-8A3A-47E3-B272-B0E84C2D9067***REMOVED***.Ad-Hoc|ARM.Deploy.0 = Release|ARM
		***REMOVED***422CCD8C-8A3A-47E3-B272-B0E84C2D9067***REMOVED***.Ad-Hoc|iPhone.ActiveCfg = Release|x86
		***REMOVED***422CCD8C-8A3A-47E3-B272-B0E84C2D9067***REMOVED***.Ad-Hoc|iPhone.Build.0 = Release|x86
		***REMOVED***422CCD8C-8A3A-47E3-B272-B0E84C2D9067***REMOVED***.Ad-Hoc|iPhone.Deploy.0 = Release|x86
		***REMOVED***422CCD8C-8A3A-47E3-B272-B0E84C2D9067***REMOVED***.Ad-Hoc|iPhoneSimulator.ActiveCfg = Release|x86
		***REMOVED***422CCD8C-8A3A-47E3-B272-B0E84C2D9067***REMOVED***.Ad-Hoc|iPhoneSimulator.Build.0 = Release|x86
		***REMOVED***422CCD8C-8A3A-47E3-B272-B0E84C2D9067***REMOVED***.Ad-Hoc|iPhoneSimulator.Deploy.0 = Release|x86
		***REMOVED***422CCD8C-8A3A-47E3-B272-B0E84C2D9067***REMOVED***.Ad-Hoc|x64.ActiveCfg = Release|x64
		***REMOVED***422CCD8C-8A3A-47E3-B272-B0E84C2D9067***REMOVED***.Ad-Hoc|x64.Build.0 = Release|x64
		***REMOVED***422CCD8C-8A3A-47E3-B272-B0E84C2D9067***REMOVED***.Ad-Hoc|x64.Deploy.0 = Release|x64
		***REMOVED***422CCD8C-8A3A-47E3-B272-B0E84C2D9067***REMOVED***.Ad-Hoc|x86.ActiveCfg = Release|x86
		***REMOVED***422CCD8C-8A3A-47E3-B272-B0E84C2D9067***REMOVED***.Ad-Hoc|x86.Build.0 = Release|x86
		***REMOVED***422CCD8C-8A3A-47E3-B272-B0E84C2D9067***REMOVED***.Ad-Hoc|x86.Deploy.0 = Release|x86
		***REMOVED***422CCD8C-8A3A-47E3-B272-B0E84C2D9067***REMOVED***.AppStore|Any CPU.ActiveCfg = Release|x86
		***REMOVED***422CCD8C-8A3A-47E3-B272-B0E84C2D9067***REMOVED***.AppStore|Any CPU.Build.0 = Release|x86
		***REMOVED***422CCD8C-8A3A-47E3-B272-B0E84C2D9067***REMOVED***.AppStore|Any CPU.Deploy.0 = Release|x86
		***REMOVED***422CCD8C-8A3A-47E3-B272-B0E84C2D9067***REMOVED***.AppStore|ARM.ActiveCfg = Release|ARM
		***REMOVED***422CCD8C-8A3A-47E3-B272-B0E84C2D9067***REMOVED***.AppStore|ARM.Build.0 = Release|ARM
		***REMOVED***422CCD8C-8A3A-47E3-B272-B0E84C2D9067***REMOVED***.AppStore|ARM.Deploy.0 = Release|ARM
		***REMOVED***422CCD8C-8A3A-47E3-B272-B0E84C2D9067***REMOVED***.AppStore|iPhone.ActiveCfg = Release|x86
		***REMOVED***422CCD8C-8A3A-47E3-B272-B0E84C2D9067***REMOVED***.AppStore|iPhone.Build.0 = Release|x86
		***REMOVED***422CCD8C-8A3A-47E3-B272-B0E84C2D9067***REMOVED***.AppStore|iPhone.Deploy.0 = Release|x86
		***REMOVED***422CCD8C-8A3A-47E3-B272-B0E84C2D9067***REMOVED***.AppStore|iPhoneSimulator.ActiveCfg = Release|x86
		***REMOVED***422CCD8C-8A3A-47E3-B272-B0E84C2D9067***REMOVED***.AppStore|iPhoneSimulator.Build.0 = Release|x86
		***REMOVED***422CCD8C-8A3A-47E3-B272-B0E84C2D9067***REMOVED***.AppStore|iPhoneSimulator.Deploy.0 = Release|x86
		***REMOVED***422CCD8C-8A3A-47E3-B272-B0E84C2D9067***REMOVED***.AppStore|x64.ActiveCfg = Release|x64
		***REMOVED***422CCD8C-8A3A-47E3-B272-B0E84C2D9067***REMOVED***.AppStore|x64.Build.0 = Release|x64
		***REMOVED***422CCD8C-8A3A-47E3-B272-B0E84C2D9067***REMOVED***.AppStore|x64.Deploy.0 = Release|x64
		***REMOVED***422CCD8C-8A3A-47E3-B272-B0E84C2D9067***REMOVED***.AppStore|x86.ActiveCfg = Release|x86
		***REMOVED***422CCD8C-8A3A-47E3-B272-B0E84C2D9067***REMOVED***.AppStore|x86.Build.0 = Release|x86
		***REMOVED***422CCD8C-8A3A-47E3-B272-B0E84C2D9067***REMOVED***.AppStore|x86.Deploy.0 = Release|x86
		***REMOVED***422CCD8C-8A3A-47E3-B272-B0E84C2D9067***REMOVED***.Debug|Any CPU.ActiveCfg = Debug|x86
		***REMOVED***422CCD8C-8A3A-47E3-B272-B0E84C2D9067***REMOVED***.Debug|Any CPU.Build.0 = Debug|x86
		***REMOVED***422CCD8C-8A3A-47E3-B272-B0E84C2D9067***REMOVED***.Debug|Any CPU.Deploy.0 = Debug|x86
		***REMOVED***422CCD8C-8A3A-47E3-B272-B0E84C2D9067***REMOVED***.Debug|ARM.ActiveCfg = Debug|ARM
		***REMOVED***422CCD8C-8A3A-47E3-B272-B0E84C2D9067***REMOVED***.Debug|ARM.Build.0 = Debug|ARM
		***REMOVED***422CCD8C-8A3A-47E3-B272-B0E84C2D9067***REMOVED***.Debug|ARM.Deploy.0 = Debug|ARM
		***REMOVED***422CCD8C-8A3A-47E3-B272-B0E84C2D9067***REMOVED***.Debug|iPhone.ActiveCfg = Debug|x86
		***REMOVED***422CCD8C-8A3A-47E3-B272-B0E84C2D9067***REMOVED***.Debug|iPhone.Build.0 = Debug|x86
		***REMOVED***422CCD8C-8A3A-47E3-B272-B0E84C2D9067***REMOVED***.Debug|iPhone.Deploy.0 = Debug|x86
		***REMOVED***422CCD8C-8A3A-47E3-B272-B0E84C2D9067***REMOVED***.Debug|iPhoneSimulator.ActiveCfg = Debug|x86
		***REMOVED***422CCD8C-8A3A-47E3-B272-B0E84C2D9067***REMOVED***.Debug|x64.ActiveCfg = Debug|x64
		***REMOVED***422CCD8C-8A3A-47E3-B272-B0E84C2D9067***REMOVED***.Debug|x64.Build.0 = Debug|x64
		***REMOVED***422CCD8C-8A3A-47E3-B272-B0E84C2D9067***REMOVED***.Debug|x64.Deploy.0 = Debug|x64
		***REMOVED***422CCD8C-8A3A-47E3-B272-B0E84C2D9067***REMOVED***.Debug|x86.ActiveCfg = Debug|x86
		***REMOVED***422CCD8C-8A3A-47E3-B272-B0E84C2D9067***REMOVED***.Debug|x86.Build.0 = Debug|x86
		***REMOVED***422CCD8C-8A3A-47E3-B272-B0E84C2D9067***REMOVED***.Debug|x86.Deploy.0 = Debug|x86
		***REMOVED***422CCD8C-8A3A-47E3-B272-B0E84C2D9067***REMOVED***.Release|Any CPU.ActiveCfg = Release|x86
		***REMOVED***422CCD8C-8A3A-47E3-B272-B0E84C2D9067***REMOVED***.Release|ARM.ActiveCfg = Release|ARM
		***REMOVED***422CCD8C-8A3A-47E3-B272-B0E84C2D9067***REMOVED***.Release|ARM.Build.0 = Release|ARM
		***REMOVED***422CCD8C-8A3A-47E3-B272-B0E84C2D9067***REMOVED***.Release|ARM.Deploy.0 = Release|ARM
		***REMOVED***422CCD8C-8A3A-47E3-B272-B0E84C2D9067***REMOVED***.Release|iPhone.ActiveCfg = Release|x86
		***REMOVED***422CCD8C-8A3A-47E3-B272-B0E84C2D9067***REMOVED***.Release|iPhoneSimulator.ActiveCfg = Release|x86
		***REMOVED***422CCD8C-8A3A-47E3-B272-B0E84C2D9067***REMOVED***.Release|x64.ActiveCfg = Release|x64
		***REMOVED***422CCD8C-8A3A-47E3-B272-B0E84C2D9067***REMOVED***.Release|x64.Build.0 = Release|x64
		***REMOVED***422CCD8C-8A3A-47E3-B272-B0E84C2D9067***REMOVED***.Release|x64.Deploy.0 = Release|x64
		***REMOVED***422CCD8C-8A3A-47E3-B272-B0E84C2D9067***REMOVED***.Release|x86.ActiveCfg = Release|x86
		***REMOVED***422CCD8C-8A3A-47E3-B272-B0E84C2D9067***REMOVED***.Release|x86.Build.0 = Release|x86
		***REMOVED***422CCD8C-8A3A-47E3-B272-B0E84C2D9067***REMOVED***.Release|x86.Deploy.0 = Release|x86
		***REMOVED***DB1BBA43-2E63-4CDE-9C07-62BDCDB33975***REMOVED***.Ad-Hoc|Any CPU.ActiveCfg = Release|Any CPU
		***REMOVED***DB1BBA43-2E63-4CDE-9C07-62BDCDB33975***REMOVED***.Ad-Hoc|Any CPU.Build.0 = Release|Any CPU
		***REMOVED***DB1BBA43-2E63-4CDE-9C07-62BDCDB33975***REMOVED***.Ad-Hoc|ARM.ActiveCfg = Release|Any CPU
		***REMOVED***DB1BBA43-2E63-4CDE-9C07-62BDCDB33975***REMOVED***.Ad-Hoc|ARM.Build.0 = Release|Any CPU
		***REMOVED***DB1BBA43-2E63-4CDE-9C07-62BDCDB33975***REMOVED***.Ad-Hoc|iPhone.ActiveCfg = Release|Any CPU
		***REMOVED***DB1BBA43-2E63-4CDE-9C07-62BDCDB33975***REMOVED***.Ad-Hoc|iPhone.Build.0 = Release|Any CPU
		***REMOVED***DB1BBA43-2E63-4CDE-9C07-62BDCDB33975***REMOVED***.Ad-Hoc|iPhoneSimulator.ActiveCfg = Release|Any CPU
		***REMOVED***DB1BBA43-2E63-4CDE-9C07-62BDCDB33975***REMOVED***.Ad-Hoc|iPhoneSimulator.Build.0 = Release|Any CPU
		***REMOVED***DB1BBA43-2E63-4CDE-9C07-62BDCDB33975***REMOVED***.Ad-Hoc|x64.ActiveCfg = Release|Any CPU
		***REMOVED***DB1BBA43-2E63-4CDE-9C07-62BDCDB33975***REMOVED***.Ad-Hoc|x64.Build.0 = Release|Any CPU
		***REMOVED***DB1BBA43-2E63-4CDE-9C07-62BDCDB33975***REMOVED***.Ad-Hoc|x86.ActiveCfg = Release|Any CPU
		***REMOVED***DB1BBA43-2E63-4CDE-9C07-62BDCDB33975***REMOVED***.Ad-Hoc|x86.Build.0 = Release|Any CPU
		***REMOVED***DB1BBA43-2E63-4CDE-9C07-62BDCDB33975***REMOVED***.AppStore|Any CPU.ActiveCfg = Release|Any CPU
		***REMOVED***DB1BBA43-2E63-4CDE-9C07-62BDCDB33975***REMOVED***.AppStore|Any CPU.Build.0 = Release|Any CPU
		***REMOVED***DB1BBA43-2E63-4CDE-9C07-62BDCDB33975***REMOVED***.AppStore|ARM.ActiveCfg = Release|Any CPU
		***REMOVED***DB1BBA43-2E63-4CDE-9C07-62BDCDB33975***REMOVED***.AppStore|ARM.Build.0 = Release|Any CPU
		***REMOVED***DB1BBA43-2E63-4CDE-9C07-62BDCDB33975***REMOVED***.AppStore|iPhone.ActiveCfg = Release|Any CPU
		***REMOVED***DB1BBA43-2E63-4CDE-9C07-62BDCDB33975***REMOVED***.AppStore|iPhone.Build.0 = Release|Any CPU
		***REMOVED***DB1BBA43-2E63-4CDE-9C07-62BDCDB33975***REMOVED***.AppStore|iPhoneSimulator.ActiveCfg = Release|Any CPU
		***REMOVED***DB1BBA43-2E63-4CDE-9C07-62BDCDB33975***REMOVED***.AppStore|iPhoneSimulator.Build.0 = Release|Any CPU
		***REMOVED***DB1BBA43-2E63-4CDE-9C07-62BDCDB33975***REMOVED***.AppStore|x64.ActiveCfg = Release|Any CPU
		***REMOVED***DB1BBA43-2E63-4CDE-9C07-62BDCDB33975***REMOVED***.AppStore|x64.Build.0 = Release|Any CPU
		***REMOVED***DB1BBA43-2E63-4CDE-9C07-62BDCDB33975***REMOVED***.AppStore|x86.ActiveCfg = Release|Any CPU
		***REMOVED***DB1BBA43-2E63-4CDE-9C07-62BDCDB33975***REMOVED***.AppStore|x86.Build.0 = Release|Any CPU
		***REMOVED***DB1BBA43-2E63-4CDE-9C07-62BDCDB33975***REMOVED***.Debug|Any CPU.ActiveCfg = Debug|Any CPU
		***REMOVED***DB1BBA43-2E63-4CDE-9C07-62BDCDB33975***REMOVED***.Debug|Any CPU.Build.0 = Debug|Any CPU
		***REMOVED***DB1BBA43-2E63-4CDE-9C07-62BDCDB33975***REMOVED***.Debug|ARM.ActiveCfg = Debug|Any CPU
		***REMOVED***DB1BBA43-2E63-4CDE-9C07-62BDCDB33975***REMOVED***.Debug|ARM.Build.0 = Debug|Any CPU
		***REMOVED***DB1BBA43-2E63-4CDE-9C07-62BDCDB33975***REMOVED***.Debug|iPhone.ActiveCfg = Debug|Any CPU
		***REMOVED***DB1BBA43-2E63-4CDE-9C07-62BDCDB33975***REMOVED***.Debug|iPhone.Build.0 = Debug|Any CPU
		***REMOVED***DB1BBA43-2E63-4CDE-9C07-62BDCDB33975***REMOVED***.Debug|iPhoneSimulator.ActiveCfg = Debug|Any CPU
		***REMOVED***DB1BBA43-2E63-4CDE-9C07-62BDCDB33975***REMOVED***.Debug|iPhoneSimulator.Build.0 = Debug|Any CPU
		***REMOVED***DB1BBA43-2E63-4CDE-9C07-62BDCDB33975***REMOVED***.Debug|x64.ActiveCfg = Debug|Any CPU
		***REMOVED***DB1BBA43-2E63-4CDE-9C07-62BDCDB33975***REMOVED***.Debug|x64.Build.0 = Debug|Any CPU
		***REMOVED***DB1BBA43-2E63-4CDE-9C07-62BDCDB33975***REMOVED***.Debug|x86.ActiveCfg = Debug|Any CPU
		***REMOVED***DB1BBA43-2E63-4CDE-9C07-62BDCDB33975***REMOVED***.Debug|x86.Build.0 = Debug|Any CPU
		***REMOVED***DB1BBA43-2E63-4CDE-9C07-62BDCDB33975***REMOVED***.Release|Any CPU.ActiveCfg = Release|Any CPU
		***REMOVED***DB1BBA43-2E63-4CDE-9C07-62BDCDB33975***REMOVED***.Release|Any CPU.Build.0 = Release|Any CPU
		***REMOVED***DB1BBA43-2E63-4CDE-9C07-62BDCDB33975***REMOVED***.Release|ARM.ActiveCfg = Release|Any CPU
		***REMOVED***DB1BBA43-2E63-4CDE-9C07-62BDCDB33975***REMOVED***.Release|ARM.Build.0 = Release|Any CPU
		***REMOVED***DB1BBA43-2E63-4CDE-9C07-62BDCDB33975***REMOVED***.Release|iPhone.ActiveCfg = Release|Any CPU
		***REMOVED***DB1BBA43-2E63-4CDE-9C07-62BDCDB33975***REMOVED***.Release|iPhone.Build.0 = Release|Any CPU
		***REMOVED***DB1BBA43-2E63-4CDE-9C07-62BDCDB33975***REMOVED***.Release|iPhoneSimulator.ActiveCfg = Release|Any CPU
		***REMOVED***DB1BBA43-2E63-4CDE-9C07-62BDCDB33975***REMOVED***.Release|iPhoneSimulator.Build.0 = Release|Any CPU
		***REMOVED***DB1BBA43-2E63-4CDE-9C07-62BDCDB33975***REMOVED***.Release|x64.ActiveCfg = Release|Any CPU
		***REMOVED***DB1BBA43-2E63-4CDE-9C07-62BDCDB33975***REMOVED***.Release|x64.Build.0 = Release|Any CPU
		***REMOVED***DB1BBA43-2E63-4CDE-9C07-62BDCDB33975***REMOVED***.Release|x86.ActiveCfg = Release|Any CPU
		***REMOVED***DB1BBA43-2E63-4CDE-9C07-62BDCDB33975***REMOVED***.Release|x86.Build.0 = Release|Any CPU
	EndGlobalSection
	GlobalSection(SolutionProperties) = preSolution
		HideSolutionNode = FALSE
	EndGlobalSection
EndGlobal
