
Microsoft Visual Studio Solution File, Format Version 12.00
# Visual Studio 15
VisualStudioVersion = 15.0.26403.0
MinimumVisualStudioVersion = 10.0.40219.1
Project("{FAE04EC0-301F-11D3-BF4B-00C04F79EFBC}") = "Modulo2_Cities", "Modulo2_Cities\Modulo2_Cities\Modulo2_Cities.csproj", "{70D854BF-DFB9-41D6-AAD5-E977BFB64F6E}"
EndProject
Project("{FAE04EC0-301F-11D3-BF4B-00C04F79EFBC}") = "Modulo2_Cities.Droid", "Modulo2_Cities\Modulo2_Cities.Droid\Modulo2_Cities.Droid.csproj", "{A7D0F75E-9CF1-4CC2-81E4-7588DCF1968C}"
EndProject
Project("{FAE04EC0-301F-11D3-BF4B-00C04F79EFBC}") = "Modulo2_Cities.iOS", "Modulo2_Cities\Modulo2_Cities.iOS\Modulo2_Cities.iOS.csproj", "{0FCD52E6-219B-4685-9941-AF3E01F7FF82}"
EndProject
Project("{FAE04EC0-301F-11D3-BF4B-00C04F79EFBC}") = "Modulo2_Cities.UWP", "Modulo2_Cities\Modulo2_Cities.UWP\Modulo2_Cities.UWP.csproj", "{422CCD8C-8A3A-47E3-B272-B0E84C2D9067}"
EndProject
Global
	GlobalSection(SolutionConfigurationPlatforms) = preSolution
		Ad-Hoc|Any CPU = Ad-Hoc|Any CPU
		Ad-Hoc|ARM = Ad-Hoc|ARM
		Ad-Hoc|iPhone = Ad-Hoc|iPhone
		Ad-Hoc|iPhoneSimulator = Ad-Hoc|iPhoneSimulator
		Ad-Hoc|x64 = Ad-Hoc|x64
		Ad-Hoc|x86 = Ad-Hoc|x86
		AppStore|Any CPU = AppStore|Any CPU
		AppStore|ARM = AppStore|ARM
		AppStore|iPhone = AppStore|iPhone
		AppStore|iPhoneSimulator = AppStore|iPhoneSimulator
		AppStore|x64 = AppStore|x64
		AppStore|x86 = AppStore|x86
		Debug|Any CPU = Debug|Any CPU
		Debug|ARM = Debug|ARM
		Debug|iPhone = Debug|iPhone
		Debug|iPhoneSimulator = Debug|iPhoneSimulator
		Debug|x64 = Debug|x64
		Debug|x86 = Debug|x86
		Release|Any CPU = Release|Any CPU
		Release|ARM = Release|ARM
		Release|iPhone = Release|iPhone
		Release|iPhoneSimulator = Release|iPhoneSimulator
		Release|x64 = Release|x64
		Release|x86 = Release|x86
	EndGlobalSection
	GlobalSection(ProjectConfigurationPlatforms) = postSolution
		{70D854BF-DFB9-41D6-AAD5-E977BFB64F6E}.Ad-Hoc|Any CPU.ActiveCfg = Release|Any CPU
		{70D854BF-DFB9-41D6-AAD5-E977BFB64F6E}.Ad-Hoc|Any CPU.Build.0 = Release|Any CPU
		{70D854BF-DFB9-41D6-AAD5-E977BFB64F6E}.Ad-Hoc|ARM.ActiveCfg = Release|Any CPU
		{70D854BF-DFB9-41D6-AAD5-E977BFB64F6E}.Ad-Hoc|ARM.Build.0 = Release|Any CPU
		{70D854BF-DFB9-41D6-AAD5-E977BFB64F6E}.Ad-Hoc|iPhone.ActiveCfg = Release|Any CPU
		{70D854BF-DFB9-41D6-AAD5-E977BFB64F6E}.Ad-Hoc|iPhone.Build.0 = Release|Any CPU
		{70D854BF-DFB9-41D6-AAD5-E977BFB64F6E}.Ad-Hoc|iPhoneSimulator.ActiveCfg = Release|Any CPU
		{70D854BF-DFB9-41D6-AAD5-E977BFB64F6E}.Ad-Hoc|iPhoneSimulator.Build.0 = Release|Any CPU
		{70D854BF-DFB9-41D6-AAD5-E977BFB64F6E}.Ad-Hoc|x64.ActiveCfg = Release|Any CPU
		{70D854BF-DFB9-41D6-AAD5-E977BFB64F6E}.Ad-Hoc|x64.Build.0 = Release|Any CPU
		{70D854BF-DFB9-41D6-AAD5-E977BFB64F6E}.Ad-Hoc|x86.ActiveCfg = Release|Any CPU
		{70D854BF-DFB9-41D6-AAD5-E977BFB64F6E}.Ad-Hoc|x86.Build.0 = Release|Any CPU
		{70D854BF-DFB9-41D6-AAD5-E977BFB64F6E}.AppStore|Any CPU.ActiveCfg = Release|Any CPU
		{70D854BF-DFB9-41D6-AAD5-E977BFB64F6E}.AppStore|Any CPU.Build.0 = Release|Any CPU
		{70D854BF-DFB9-41D6-AAD5-E977BFB64F6E}.AppStore|ARM.ActiveCfg = Release|Any CPU
		{70D854BF-DFB9-41D6-AAD5-E977BFB64F6E}.AppStore|ARM.Build.0 = Release|Any CPU
		{70D854BF-DFB9-41D6-AAD5-E977BFB64F6E}.AppStore|iPhone.ActiveCfg = Release|Any CPU
		{70D854BF-DFB9-41D6-AAD5-E977BFB64F6E}.AppStore|iPhone.Build.0 = Release|Any CPU
		{70D854BF-DFB9-41D6-AAD5-E977BFB64F6E}.AppStore|iPhoneSimulator.ActiveCfg = Release|Any CPU
		{70D854BF-DFB9-41D6-AAD5-E977BFB64F6E}.AppStore|iPhoneSimulator.Build.0 = Release|Any CPU
		{70D854BF-DFB9-41D6-AAD5-E977BFB64F6E}.AppStore|x64.ActiveCfg = Release|Any CPU
		{70D854BF-DFB9-41D6-AAD5-E977BFB64F6E}.AppStore|x64.Build.0 = Release|Any CPU
		{70D854BF-DFB9-41D6-AAD5-E977BFB64F6E}.AppStore|x86.ActiveCfg = Release|Any CPU
		{70D854BF-DFB9-41D6-AAD5-E977BFB64F6E}.AppStore|x86.Build.0 = Release|Any CPU
		{70D854BF-DFB9-41D6-AAD5-E977BFB64F6E}.Debug|Any CPU.ActiveCfg = Debug|Any CPU
		{70D854BF-DFB9-41D6-AAD5-E977BFB64F6E}.Debug|Any CPU.Build.0 = Debug|Any CPU
		{70D854BF-DFB9-41D6-AAD5-E977BFB64F6E}.Debug|ARM.ActiveCfg = Debug|Any CPU
		{70D854BF-DFB9-41D6-AAD5-E977BFB64F6E}.Debug|ARM.Build.0 = Debug|Any CPU
		{70D854BF-DFB9-41D6-AAD5-E977BFB64F6E}.Debug|iPhone.ActiveCfg = Debug|Any CPU
		{70D854BF-DFB9-41D6-AAD5-E977BFB64F6E}.Debug|iPhone.Build.0 = Debug|Any CPU
		{70D854BF-DFB9-41D6-AAD5-E977BFB64F6E}.Debug|iPhoneSimulator.ActiveCfg = Debug|Any CPU
		{70D854BF-DFB9-41D6-AAD5-E977BFB64F6E}.Debug|iPhoneSimulator.Build.0 = Debug|Any CPU
		{70D854BF-DFB9-41D6-AAD5-E977BFB64F6E}.Debug|x64.ActiveCfg = Debug|Any CPU
		{70D854BF-DFB9-41D6-AAD5-E977BFB64F6E}.Debug|x64.Build.0 = Debug|Any CPU
		{70D854BF-DFB9-41D6-AAD5-E977BFB64F6E}.Debug|x86.ActiveCfg = Debug|Any CPU
		{70D854BF-DFB9-41D6-AAD5-E977BFB64F6E}.Debug|x86.Build.0 = Debug|Any CPU
		{70D854BF-DFB9-41D6-AAD5-E977BFB64F6E}.Release|Any CPU.ActiveCfg = Release|Any CPU
		{70D854BF-DFB9-41D6-AAD5-E977BFB64F6E}.Release|Any CPU.Build.0 = Release|Any CPU
		{70D854BF-DFB9-41D6-AAD5-E977BFB64F6E}.Release|ARM.ActiveCfg = Release|Any CPU
		{70D854BF-DFB9-41D6-AAD5-E977BFB64F6E}.Release|ARM.Build.0 = Release|Any CPU
		{70D854BF-DFB9-41D6-AAD5-E977BFB64F6E}.Release|iPhone.ActiveCfg = Release|Any CPU
		{70D854BF-DFB9-41D6-AAD5-E977BFB64F6E}.Release|iPhone.Build.0 = Release|Any CPU
		{70D854BF-DFB9-41D6-AAD5-E977BFB64F6E}.Release|iPhoneSimulator.ActiveCfg = Release|Any CPU
		{70D854BF-DFB9-41D6-AAD5-E977BFB64F6E}.Release|iPhoneSimulator.Build.0 = Release|Any CPU
		{70D854BF-DFB9-41D6-AAD5-E977BFB64F6E}.Release|x64.ActiveCfg = Release|Any CPU
		{70D854BF-DFB9-41D6-AAD5-E977BFB64F6E}.Release|x64.Build.0 = Release|Any CPU
		{70D854BF-DFB9-41D6-AAD5-E977BFB64F6E}.Release|x86.ActiveCfg = Release|Any CPU
		{70D854BF-DFB9-41D6-AAD5-E977BFB64F6E}.Release|x86.Build.0 = Release|Any CPU
		{A7D0F75E-9CF1-4CC2-81E4-7588DCF1968C}.Ad-Hoc|Any CPU.ActiveCfg = Release|Any CPU
		{A7D0F75E-9CF1-4CC2-81E4-7588DCF1968C}.Ad-Hoc|Any CPU.Build.0 = Release|Any CPU
		{A7D0F75E-9CF1-4CC2-81E4-7588DCF1968C}.Ad-Hoc|Any CPU.Deploy.0 = Release|Any CPU
		{A7D0F75E-9CF1-4CC2-81E4-7588DCF1968C}.Ad-Hoc|ARM.ActiveCfg = Release|Any CPU
		{A7D0F75E-9CF1-4CC2-81E4-7588DCF1968C}.Ad-Hoc|ARM.Build.0 = Release|Any CPU
		{A7D0F75E-9CF1-4CC2-81E4-7588DCF1968C}.Ad-Hoc|ARM.Deploy.0 = Release|Any CPU
		{A7D0F75E-9CF1-4CC2-81E4-7588DCF1968C}.Ad-Hoc|iPhone.ActiveCfg = Release|Any CPU
		{A7D0F75E-9CF1-4CC2-81E4-7588DCF1968C}.Ad-Hoc|iPhone.Build.0 = Release|Any CPU
		{A7D0F75E-9CF1-4CC2-81E4-7588DCF1968C}.Ad-Hoc|iPhone.Deploy.0 = Release|Any CPU
		{A7D0F75E-9CF1-4CC2-81E4-7588DCF1968C}.Ad-Hoc|iPhoneSimulator.ActiveCfg = Release|Any CPU
		{A7D0F75E-9CF1-4CC2-81E4-7588DCF1968C}.Ad-Hoc|iPhoneSimulator.Build.0 = Release|Any CPU
		{A7D0F75E-9CF1-4CC2-81E4-7588DCF1968C}.Ad-Hoc|iPhoneSimulator.Deploy.0 = Release|Any CPU
		{A7D0F75E-9CF1-4CC2-81E4-7588DCF1968C}.Ad-Hoc|x64.ActiveCfg = Release|Any CPU
		{A7D0F75E-9CF1-4CC2-81E4-7588DCF1968C}.Ad-Hoc|x64.Build.0 = Release|Any CPU
		{A7D0F75E-9CF1-4CC2-81E4-7588DCF1968C}.Ad-Hoc|x64.Deploy.0 = Release|Any CPU
		{A7D0F75E-9CF1-4CC2-81E4-7588DCF1968C}.Ad-Hoc|x86.ActiveCfg = Release|Any CPU
		{A7D0F75E-9CF1-4CC2-81E4-7588DCF1968C}.Ad-Hoc|x86.Build.0 = Release|Any CPU
		{A7D0F75E-9CF1-4CC2-81E4-7588DCF1968C}.Ad-Hoc|x86.Deploy.0 = Release|Any CPU
		{A7D0F75E-9CF1-4CC2-81E4-7588DCF1968C}.AppStore|Any CPU.ActiveCfg = Release|Any CPU
		{A7D0F75E-9CF1-4CC2-81E4-7588DCF1968C}.AppStore|Any CPU.Build.0 = Release|Any CPU
		{A7D0F75E-9CF1-4CC2-81E4-7588DCF1968C}.AppStore|Any CPU.Deploy.0 = Release|Any CPU
		{A7D0F75E-9CF1-4CC2-81E4-7588DCF1968C}.AppStore|ARM.ActiveCfg = Release|Any CPU
		{A7D0F75E-9CF1-4CC2-81E4-7588DCF1968C}.AppStore|ARM.Build.0 = Release|Any CPU
		{A7D0F75E-9CF1-4CC2-81E4-7588DCF1968C}.AppStore|ARM.Deploy.0 = Release|Any CPU
		{A7D0F75E-9CF1-4CC2-81E4-7588DCF1968C}.AppStore|iPhone.ActiveCfg = Release|Any CPU
		{A7D0F75E-9CF1-4CC2-81E4-7588DCF1968C}.AppStore|iPhone.Build.0 = Release|Any CPU
		{A7D0F75E-9CF1-4CC2-81E4-7588DCF1968C}.AppStore|iPhone.Deploy.0 = Release|Any CPU
		{A7D0F75E-9CF1-4CC2-81E4-7588DCF1968C}.AppStore|iPhoneSimulator.ActiveCfg = Release|Any CPU
		{A7D0F75E-9CF1-4CC2-81E4-7588DCF1968C}.AppStore|iPhoneSimulator.Build.0 = Release|Any CPU
		{A7D0F75E-9CF1-4CC2-81E4-7588DCF1968C}.AppStore|iPhoneSimulator.Deploy.0 = Release|Any CPU
		{A7D0F75E-9CF1-4CC2-81E4-7588DCF1968C}.AppStore|x64.ActiveCfg = Release|Any CPU
		{A7D0F75E-9CF1-4CC2-81E4-7588DCF1968C}.AppStore|x64.Build.0 = Release|Any CPU
		{A7D0F75E-9CF1-4CC2-81E4-7588DCF1968C}.AppStore|x64.Deploy.0 = Release|Any CPU
		{A7D0F75E-9CF1-4CC2-81E4-7588DCF1968C}.AppStore|x86.ActiveCfg = Release|Any CPU
		{A7D0F75E-9CF1-4CC2-81E4-7588DCF1968C}.AppStore|x86.Build.0 = Release|Any CPU
		{A7D0F75E-9CF1-4CC2-81E4-7588DCF1968C}.AppStore|x86.Deploy.0 = Release|Any CPU
		{A7D0F75E-9CF1-4CC2-81E4-7588DCF1968C}.Debug|Any CPU.ActiveCfg = Debug|Any CPU
		{A7D0F75E-9CF1-4CC2-81E4-7588DCF1968C}.Debug|Any CPU.Build.0 = Debug|Any CPU
		{A7D0F75E-9CF1-4CC2-81E4-7588DCF1968C}.Debug|Any CPU.Deploy.0 = Debug|Any CPU
		{A7D0F75E-9CF1-4CC2-81E4-7588DCF1968C}.Debug|ARM.ActiveCfg = Debug|Any CPU
		{A7D0F75E-9CF1-4CC2-81E4-7588DCF1968C}.Debug|ARM.Build.0 = Debug|Any CPU
		{A7D0F75E-9CF1-4CC2-81E4-7588DCF1968C}.Debug|ARM.Deploy.0 = Debug|Any CPU
		{A7D0F75E-9CF1-4CC2-81E4-7588DCF1968C}.Debug|iPhone.ActiveCfg = Debug|Any CPU
		{A7D0F75E-9CF1-4CC2-81E4-7588DCF1968C}.Debug|iPhone.Build.0 = Debug|Any CPU
		{A7D0F75E-9CF1-4CC2-81E4-7588DCF1968C}.Debug|iPhone.Deploy.0 = Debug|Any CPU
		{A7D0F75E-9CF1-4CC2-81E4-7588DCF1968C}.Debug|iPhoneSimulator.ActiveCfg = Debug|Any CPU
		{A7D0F75E-9CF1-4CC2-81E4-7588DCF1968C}.Debug|iPhoneSimulator.Build.0 = Debug|Any CPU
		{A7D0F75E-9CF1-4CC2-81E4-7588DCF1968C}.Debug|iPhoneSimulator.Deploy.0 = Debug|Any CPU
		{A7D0F75E-9CF1-4CC2-81E4-7588DCF1968C}.Debug|x64.ActiveCfg = Debug|Any CPU
		{A7D0F75E-9CF1-4CC2-81E4-7588DCF1968C}.Debug|x64.Build.0 = Debug|Any CPU
		{A7D0F75E-9CF1-4CC2-81E4-7588DCF1968C}.Debug|x64.Deploy.0 = Debug|Any CPU
		{A7D0F75E-9CF1-4CC2-81E4-7588DCF1968C}.Debug|x86.ActiveCfg = Debug|Any CPU
		{A7D0F75E-9CF1-4CC2-81E4-7588DCF1968C}.Debug|x86.Build.0 = Debug|Any CPU
		{A7D0F75E-9CF1-4CC2-81E4-7588DCF1968C}.Debug|x86.Deploy.0 = Debug|Any CPU
		{A7D0F75E-9CF1-4CC2-81E4-7588DCF1968C}.Release|Any CPU.ActiveCfg = Release|Any CPU
		{A7D0F75E-9CF1-4CC2-81E4-7588DCF1968C}.Release|Any CPU.Build.0 = Release|Any CPU
		{A7D0F75E-9CF1-4CC2-81E4-7588DCF1968C}.Release|Any CPU.Deploy.0 = Release|Any CPU
		{A7D0F75E-9CF1-4CC2-81E4-7588DCF1968C}.Release|ARM.ActiveCfg = Release|Any CPU
		{A7D0F75E-9CF1-4CC2-81E4-7588DCF1968C}.Release|ARM.Build.0 = Release|Any CPU
		{A7D0F75E-9CF1-4CC2-81E4-7588DCF1968C}.Release|ARM.Deploy.0 = Release|Any CPU
		{A7D0F75E-9CF1-4CC2-81E4-7588DCF1968C}.Release|iPhone.ActiveCfg = Release|Any CPU
		{A7D0F75E-9CF1-4CC2-81E4-7588DCF1968C}.Release|iPhone.Build.0 = Release|Any CPU
		{A7D0F75E-9CF1-4CC2-81E4-7588DCF1968C}.Release|iPhone.Deploy.0 = Release|Any CPU
		{A7D0F75E-9CF1-4CC2-81E4-7588DCF1968C}.Release|iPhoneSimulator.ActiveCfg = Release|Any CPU
		{A7D0F75E-9CF1-4CC2-81E4-7588DCF1968C}.Release|iPhoneSimulator.Build.0 = Release|Any CPU
		{A7D0F75E-9CF1-4CC2-81E4-7588DCF1968C}.Release|iPhoneSimulator.Deploy.0 = Release|Any CPU
		{A7D0F75E-9CF1-4CC2-81E4-7588DCF1968C}.Release|x64.ActiveCfg = Release|Any CPU
		{A7D0F75E-9CF1-4CC2-81E4-7588DCF1968C}.Release|x64.Build.0 = Release|Any CPU
		{A7D0F75E-9CF1-4CC2-81E4-7588DCF1968C}.Release|x64.Deploy.0 = Release|Any CPU
		{A7D0F75E-9CF1-4CC2-81E4-7588DCF1968C}.Release|x86.ActiveCfg = Release|Any CPU
		{A7D0F75E-9CF1-4CC2-81E4-7588DCF1968C}.Release|x86.Build.0 = Release|Any CPU
		{A7D0F75E-9CF1-4CC2-81E4-7588DCF1968C}.Release|x86.Deploy.0 = Release|Any CPU
		{0FCD52E6-219B-4685-9941-AF3E01F7FF82}.Ad-Hoc|Any CPU.ActiveCfg = Ad-Hoc|iPhone
		{0FCD52E6-219B-4685-9941-AF3E01F7FF82}.Ad-Hoc|ARM.ActiveCfg = Ad-Hoc|iPhone
		{0FCD52E6-219B-4685-9941-AF3E01F7FF82}.Ad-Hoc|iPhone.ActiveCfg = Ad-Hoc|iPhone
		{0FCD52E6-219B-4685-9941-AF3E01F7FF82}.Ad-Hoc|iPhone.Build.0 = Ad-Hoc|iPhone
		{0FCD52E6-219B-4685-9941-AF3E01F7FF82}.Ad-Hoc|iPhoneSimulator.ActiveCfg = Ad-Hoc|iPhoneSimulator
		{0FCD52E6-219B-4685-9941-AF3E01F7FF82}.Ad-Hoc|iPhoneSimulator.Build.0 = Ad-Hoc|iPhoneSimulator
		{0FCD52E6-219B-4685-9941-AF3E01F7FF82}.Ad-Hoc|x64.ActiveCfg = Ad-Hoc|iPhone
		{0FCD52E6-219B-4685-9941-AF3E01F7FF82}.Ad-Hoc|x86.ActiveCfg = Ad-Hoc|iPhone
		{0FCD52E6-219B-4685-9941-AF3E01F7FF82}.AppStore|Any CPU.ActiveCfg = AppStore|iPhone
		{0FCD52E6-219B-4685-9941-AF3E01F7FF82}.AppStore|ARM.ActiveCfg = AppStore|iPhone
		{0FCD52E6-219B-4685-9941-AF3E01F7FF82}.AppStore|iPhone.ActiveCfg = AppStore|iPhone
		{0FCD52E6-219B-4685-9941-AF3E01F7FF82}.AppStore|iPhone.Build.0 = AppStore|iPhone
		{0FCD52E6-219B-4685-9941-AF3E01F7FF82}.AppStore|iPhoneSimulator.ActiveCfg = AppStore|iPhoneSimulator
		{0FCD52E6-219B-4685-9941-AF3E01F7FF82}.AppStore|iPhoneSimulator.Build.0 = AppStore|iPhoneSimulator
		{0FCD52E6-219B-4685-9941-AF3E01F7FF82}.AppStore|x64.ActiveCfg = AppStore|iPhone
		{0FCD52E6-219B-4685-9941-AF3E01F7FF82}.AppStore|x86.ActiveCfg = AppStore|iPhone
		{0FCD52E6-219B-4685-9941-AF3E01F7FF82}.Debug|Any CPU.ActiveCfg = Debug|iPhone
		{0FCD52E6-219B-4685-9941-AF3E01F7FF82}.Debug|ARM.ActiveCfg = Debug|iPhone
		{0FCD52E6-219B-4685-9941-AF3E01F7FF82}.Debug|iPhone.ActiveCfg = Debug|iPhone
		{0FCD52E6-219B-4685-9941-AF3E01F7FF82}.Debug|iPhone.Build.0 = Debug|iPhone
		{0FCD52E6-219B-4685-9941-AF3E01F7FF82}.Debug|iPhoneSimulator.ActiveCfg = Debug|iPhoneSimulator
		{0FCD52E6-219B-4685-9941-AF3E01F7FF82}.Debug|iPhoneSimulator.Build.0 = Debug|iPhoneSimulator
		{0FCD52E6-219B-4685-9941-AF3E01F7FF82}.Debug|x64.ActiveCfg = Debug|iPhone
		{0FCD52E6-219B-4685-9941-AF3E01F7FF82}.Debug|x86.ActiveCfg = Debug|iPhone
		{0FCD52E6-219B-4685-9941-AF3E01F7FF82}.Release|Any CPU.ActiveCfg = Release|iPhone
		{0FCD52E6-219B-4685-9941-AF3E01F7FF82}.Release|ARM.ActiveCfg = Release|iPhone
		{0FCD52E6-219B-4685-9941-AF3E01F7FF82}.Release|iPhone.ActiveCfg = Release|iPhone
		{0FCD52E6-219B-4685-9941-AF3E01F7FF82}.Release|iPhone.Build.0 = Release|iPhone
		{0FCD52E6-219B-4685-9941-AF3E01F7FF82}.Release|iPhoneSimulator.ActiveCfg = Release|iPhoneSimulator
		{0FCD52E6-219B-4685-9941-AF3E01F7FF82}.Release|iPhoneSimulator.Build.0 = Release|iPhoneSimulator
		{0FCD52E6-219B-4685-9941-AF3E01F7FF82}.Release|x64.ActiveCfg = Release|iPhone
		{0FCD52E6-219B-4685-9941-AF3E01F7FF82}.Release|x86.ActiveCfg = Release|iPhone
		{422CCD8C-8A3A-47E3-B272-B0E84C2D9067}.Ad-Hoc|Any CPU.ActiveCfg = Release|x86
		{422CCD8C-8A3A-47E3-B272-B0E84C2D9067}.Ad-Hoc|Any CPU.Build.0 = Release|x86
		{422CCD8C-8A3A-47E3-B272-B0E84C2D9067}.Ad-Hoc|Any CPU.Deploy.0 = Release|x86
		{422CCD8C-8A3A-47E3-B272-B0E84C2D9067}.Ad-Hoc|ARM.ActiveCfg = Release|ARM
		{422CCD8C-8A3A-47E3-B272-B0E84C2D9067}.Ad-Hoc|ARM.Build.0 = Release|ARM
		{422CCD8C-8A3A-47E3-B272-B0E84C2D9067}.Ad-Hoc|ARM.Deploy.0 = Release|ARM
		{422CCD8C-8A3A-47E3-B272-B0E84C2D9067}.Ad-Hoc|iPhone.ActiveCfg = Release|x86
		{422CCD8C-8A3A-47E3-B272-B0E84C2D9067}.Ad-Hoc|iPhone.Build.0 = Release|x86
		{422CCD8C-8A3A-47E3-B272-B0E84C2D9067}.Ad-Hoc|iPhone.Deploy.0 = Release|x86
		{422CCD8C-8A3A-47E3-B272-B0E84C2D9067}.Ad-Hoc|iPhoneSimulator.ActiveCfg = Release|x86
		{422CCD8C-8A3A-47E3-B272-B0E84C2D9067}.Ad-Hoc|iPhoneSimulator.Build.0 = Release|x86
		{422CCD8C-8A3A-47E3-B272-B0E84C2D9067}.Ad-Hoc|iPhoneSimulator.Deploy.0 = Release|x86
		{422CCD8C-8A3A-47E3-B272-B0E84C2D9067}.Ad-Hoc|x64.ActiveCfg = Release|x64
		{422CCD8C-8A3A-47E3-B272-B0E84C2D9067}.Ad-Hoc|x64.Build.0 = Release|x64
		{422CCD8C-8A3A-47E3-B272-B0E84C2D9067}.Ad-Hoc|x64.Deploy.0 = Release|x64
		{422CCD8C-8A3A-47E3-B272-B0E84C2D9067}.Ad-Hoc|x86.ActiveCfg = Release|x86
		{422CCD8C-8A3A-47E3-B272-B0E84C2D9067}.Ad-Hoc|x86.Build.0 = Release|x86
		{422CCD8C-8A3A-47E3-B272-B0E84C2D9067}.Ad-Hoc|x86.Deploy.0 = Release|x86
		{422CCD8C-8A3A-47E3-B272-B0E84C2D9067}.AppStore|Any CPU.ActiveCfg = Release|x86
		{422CCD8C-8A3A-47E3-B272-B0E84C2D9067}.AppStore|Any CPU.Build.0 = Release|x86
		{422CCD8C-8A3A-47E3-B272-B0E84C2D9067}.AppStore|Any CPU.Deploy.0 = Release|x86
		{422CCD8C-8A3A-47E3-B272-B0E84C2D9067}.AppStore|ARM.ActiveCfg = Release|ARM
		{422CCD8C-8A3A-47E3-B272-B0E84C2D9067}.AppStore|ARM.Build.0 = Release|ARM
		{422CCD8C-8A3A-47E3-B272-B0E84C2D9067}.AppStore|ARM.Deploy.0 = Release|ARM
		{422CCD8C-8A3A-47E3-B272-B0E84C2D9067}.AppStore|iPhone.ActiveCfg = Release|x86
		{422CCD8C-8A3A-47E3-B272-B0E84C2D9067}.AppStore|iPhone.Build.0 = Release|x86
		{422CCD8C-8A3A-47E3-B272-B0E84C2D9067}.AppStore|iPhone.Deploy.0 = Release|x86
		{422CCD8C-8A3A-47E3-B272-B0E84C2D9067}.AppStore|iPhoneSimulator.ActiveCfg = Release|x86
		{422CCD8C-8A3A-47E3-B272-B0E84C2D9067}.AppStore|iPhoneSimulator.Build.0 = Release|x86
		{422CCD8C-8A3A-47E3-B272-B0E84C2D9067}.AppStore|iPhoneSimulator.Deploy.0 = Release|x86
		{422CCD8C-8A3A-47E3-B272-B0E84C2D9067}.AppStore|x64.ActiveCfg = Release|x64
		{422CCD8C-8A3A-47E3-B272-B0E84C2D9067}.AppStore|x64.Build.0 = Release|x64
		{422CCD8C-8A3A-47E3-B272-B0E84C2D9067}.AppStore|x64.Deploy.0 = Release|x64
		{422CCD8C-8A3A-47E3-B272-B0E84C2D9067}.AppStore|x86.ActiveCfg = Release|x86
		{422CCD8C-8A3A-47E3-B272-B0E84C2D9067}.AppStore|x86.Build.0 = Release|x86
		{422CCD8C-8A3A-47E3-B272-B0E84C2D9067}.AppStore|x86.Deploy.0 = Release|x86
		{422CCD8C-8A3A-47E3-B272-B0E84C2D9067}.Debug|Any CPU.ActiveCfg = Debug|x86
		{422CCD8C-8A3A-47E3-B272-B0E84C2D9067}.Debug|ARM.ActiveCfg = Debug|ARM
		{422CCD8C-8A3A-47E3-B272-B0E84C2D9067}.Debug|ARM.Build.0 = Debug|ARM
		{422CCD8C-8A3A-47E3-B272-B0E84C2D9067}.Debug|ARM.Deploy.0 = Debug|ARM
		{422CCD8C-8A3A-47E3-B272-B0E84C2D9067}.Debug|iPhone.ActiveCfg = Debug|x86
		{422CCD8C-8A3A-47E3-B272-B0E84C2D9067}.Debug|iPhone.Build.0 = Debug|x86
		{422CCD8C-8A3A-47E3-B272-B0E84C2D9067}.Debug|iPhone.Deploy.0 = Debug|x86
		{422CCD8C-8A3A-47E3-B272-B0E84C2D9067}.Debug|iPhoneSimulator.ActiveCfg = Debug|x86
		{422CCD8C-8A3A-47E3-B272-B0E84C2D9067}.Debug|x64.ActiveCfg = Debug|x64
		{422CCD8C-8A3A-47E3-B272-B0E84C2D9067}.Debug|x64.Build.0 = Debug|x64
		{422CCD8C-8A3A-47E3-B272-B0E84C2D9067}.Debug|x64.Deploy.0 = Debug|x64
		{422CCD8C-8A3A-47E3-B272-B0E84C2D9067}.Debug|x86.ActiveCfg = Debug|x86
		{422CCD8C-8A3A-47E3-B272-B0E84C2D9067}.Debug|x86.Build.0 = Debug|x86
		{422CCD8C-8A3A-47E3-B272-B0E84C2D9067}.Debug|x86.Deploy.0 = Debug|x86
		{422CCD8C-8A3A-47E3-B272-B0E84C2D9067}.Release|Any CPU.ActiveCfg = Release|x86
		{422CCD8C-8A3A-47E3-B272-B0E84C2D9067}.Release|ARM.ActiveCfg = Release|ARM
		{422CCD8C-8A3A-47E3-B272-B0E84C2D9067}.Release|ARM.Build.0 = Release|ARM
		{422CCD8C-8A3A-47E3-B272-B0E84C2D9067}.Release|ARM.Deploy.0 = Release|ARM
		{422CCD8C-8A3A-47E3-B272-B0E84C2D9067}.Release|iPhone.ActiveCfg = Release|x86
		{422CCD8C-8A3A-47E3-B272-B0E84C2D9067}.Release|iPhoneSimulator.ActiveCfg = Release|x86
		{422CCD8C-8A3A-47E3-B272-B0E84C2D9067}.Release|x64.ActiveCfg = Release|x64
		{422CCD8C-8A3A-47E3-B272-B0E84C2D9067}.Release|x64.Build.0 = Release|x64
		{422CCD8C-8A3A-47E3-B272-B0E84C2D9067}.Release|x64.Deploy.0 = Release|x64
		{422CCD8C-8A3A-47E3-B272-B0E84C2D9067}.Release|x86.ActiveCfg = Release|x86
		{422CCD8C-8A3A-47E3-B272-B0E84C2D9067}.Release|x86.Build.0 = Release|x86
		{422CCD8C-8A3A-47E3-B272-B0E84C2D9067}.Release|x86.Deploy.0 = Release|x86
	EndGlobalSection
	GlobalSection(SolutionProperties) = preSolution
		HideSolutionNode = FALSE
	EndGlobalSection
EndGlobal
